
Microsoft Visual Studio Solution File, Format Version 12.00
# Visual Studio Version 16
VisualStudioVersion = 16.0.31911.196
MinimumVisualStudioVersion = 10.0.40219.1
Project("{888888A0-9F3D-457C-B088-3A5042F75D52}") = "ErstesPython", "ErstesPython.pyproj", "{EE3C5BE1-33AE-4F49-9EDF-322CCCC9AD51}"
EndProject
Global
	GlobalSection(SolutionConfigurationPlatforms) = preSolution
		Debug|Any CPU = Debug|Any CPU
		Release|Any CPU = Release|Any CPU
	EndGlobalSection
	GlobalSection(ProjectConfigurationPlatforms) = postSolution
		{EE3C5BE1-33AE-4F49-9EDF-322CCCC9AD51}.Debug|Any CPU.ActiveCfg = Debug|Any CPU
		{EE3C5BE1-33AE-4F49-9EDF-322CCCC9AD51}.Release|Any CPU.ActiveCfg = Release|Any CPU
	EndGlobalSection
	GlobalSection(SolutionProperties) = preSolution
		HideSolutionNode = FALSE
	EndGlobalSection
	GlobalSection(ExtensibilityGlobals) = postSolution
		SolutionGuid = {41733F5C-74E1-407E-94E6-AEB9EB575FA3}
	EndGlobalSection
EndGlobal
